// !$*UTF8*$!
{
	archiveVersion = 1;
	classes = {
	};
	objectVersion = 50;
	objects = {

/* Begin PBXBuildFile section */
		4D1FB090D2F2F9A28F3EB13B /* Pods_Flixter.framework in Frameworks */ = {isa = PBXBuildFile; fileRef = D7CBB10DE7DDB2665F925316 /* Pods_Flixter.framework */; };
		6FBFEC6A56E0FD9E3B797236 /* Pods_Flixter_FlixterUITests.framework in Frameworks */ = {isa = PBXBuildFile; fileRef = F53AC721EF20F58F0F1CB480 /* Pods_Flixter_FlixterUITests.framework */; };
		A9915FC5EE0AE200F5413CA1 /* Pods_FlixterTests.framework in Frameworks */ = {isa = PBXBuildFile; fileRef = 5598D4D9327197259DAFED4B /* Pods_FlixterTests.framework */; };
		BED66161253FC59D000F12A2 /* AppDelegate.swift in Sources */ = {isa = PBXBuildFile; fileRef = BED66160253FC59D000F12A2 /* AppDelegate.swift */; };
		BED66163253FC59D000F12A2 /* SceneDelegate.swift in Sources */ = {isa = PBXBuildFile; fileRef = BED66162253FC59D000F12A2 /* SceneDelegate.swift */; };
		BED66168253FC59D000F12A2 /* Main.storyboard in Resources */ = {isa = PBXBuildFile; fileRef = BED66166253FC59D000F12A2 /* Main.storyboard */; };
		BED6616A253FC5A1000F12A2 /* Assets.xcassets in Resources */ = {isa = PBXBuildFile; fileRef = BED66169253FC5A1000F12A2 /* Assets.xcassets */; };
		BED6616D253FC5A1000F12A2 /* LaunchScreen.storyboard in Resources */ = {isa = PBXBuildFile; fileRef = BED6616B253FC5A1000F12A2 /* LaunchScreen.storyboard */; };
		BED66178253FC5A2000F12A2 /* FlixterTests.swift in Sources */ = {isa = PBXBuildFile; fileRef = BED66177253FC5A2000F12A2 /* FlixterTests.swift */; };
		BED66183253FC5A2000F12A2 /* FlixterUITests.swift in Sources */ = {isa = PBXBuildFile; fileRef = BED66182253FC5A2000F12A2 /* FlixterUITests.swift */; };
		BED661A0253FC895000F12A2 /* MoviesViewController.swift in Sources */ = {isa = PBXBuildFile; fileRef = BED6619F253FC895000F12A2 /* MoviesViewController.swift */; };
		BED661A5253FF65D000F12A2 /* MovieCell.swift in Sources */ = {isa = PBXBuildFile; fileRef = BED661A4253FF65D000F12A2 /* MovieCell.swift */; };
/* End PBXBuildFile section */

/* Begin PBXContainerItemProxy section */
		BED66174253FC5A2000F12A2 /* PBXContainerItemProxy */ = {
			isa = PBXContainerItemProxy;
			containerPortal = BED66155253FC59D000F12A2 /* Project object */;
			proxyType = 1;
			remoteGlobalIDString = BED6615C253FC59D000F12A2;
			remoteInfo = Flixter;
		};
		BED6617F253FC5A2000F12A2 /* PBXContainerItemProxy */ = {
			isa = PBXContainerItemProxy;
			containerPortal = BED66155253FC59D000F12A2 /* Project object */;
			proxyType = 1;
			remoteGlobalIDString = BED6615C253FC59D000F12A2;
			remoteInfo = Flixter;
		};
/* End PBXContainerItemProxy section */

/* Begin PBXFileReference section */
		5598D4D9327197259DAFED4B /* Pods_FlixterTests.framework */ = {isa = PBXFileReference; explicitFileType = wrapper.framework; includeInIndex = 0; path = Pods_FlixterTests.framework; sourceTree = BUILT_PRODUCTS_DIR; };
		59FAD3878571CB891EE65FCD /* Pods-FlixterTests.debug.xcconfig */ = {isa = PBXFileReference; includeInIndex = 1; lastKnownFileType = text.xcconfig; name = "Pods-FlixterTests.debug.xcconfig"; path = "Target Support Files/Pods-FlixterTests/Pods-FlixterTests.debug.xcconfig"; sourceTree = "<group>"; };
		6D630CEF5FDC4627999577C7 /* Pods-FlixterTests.release.xcconfig */ = {isa = PBXFileReference; includeInIndex = 1; lastKnownFileType = text.xcconfig; name = "Pods-FlixterTests.release.xcconfig"; path = "Target Support Files/Pods-FlixterTests/Pods-FlixterTests.release.xcconfig"; sourceTree = "<group>"; };
		97EAD02534177D8C62C96962 /* Pods-Flixter.debug.xcconfig */ = {isa = PBXFileReference; includeInIndex = 1; lastKnownFileType = text.xcconfig; name = "Pods-Flixter.debug.xcconfig"; path = "Target Support Files/Pods-Flixter/Pods-Flixter.debug.xcconfig"; sourceTree = "<group>"; };
		A6C6A5A2FCD8CBE2B6D4EC5F /* Pods-Flixter.release.xcconfig */ = {isa = PBXFileReference; includeInIndex = 1; lastKnownFileType = text.xcconfig; name = "Pods-Flixter.release.xcconfig"; path = "Target Support Files/Pods-Flixter/Pods-Flixter.release.xcconfig"; sourceTree = "<group>"; };
		A99A1A82F98391CF6E076695 /* Pods-Flixter-FlixterUITests.release.xcconfig */ = {isa = PBXFileReference; includeInIndex = 1; lastKnownFileType = text.xcconfig; name = "Pods-Flixter-FlixterUITests.release.xcconfig"; path = "Target Support Files/Pods-Flixter-FlixterUITests/Pods-Flixter-FlixterUITests.release.xcconfig"; sourceTree = "<group>"; };
		BED6615D253FC59D000F12A2 /* Flixter.app */ = {isa = PBXFileReference; explicitFileType = wrapper.application; includeInIndex = 0; path = Flixter.app; sourceTree = BUILT_PRODUCTS_DIR; };
		BED66160253FC59D000F12A2 /* AppDelegate.swift */ = {isa = PBXFileReference; lastKnownFileType = sourcecode.swift; path = AppDelegate.swift; sourceTree = "<group>"; };
		BED66162253FC59D000F12A2 /* SceneDelegate.swift */ = {isa = PBXFileReference; lastKnownFileType = sourcecode.swift; path = SceneDelegate.swift; sourceTree = "<group>"; };
		BED66167253FC59D000F12A2 /* Base */ = {isa = PBXFileReference; lastKnownFileType = file.storyboard; name = Base; path = Base.lproj/Main.storyboard; sourceTree = "<group>"; };
		BED66169253FC5A1000F12A2 /* Assets.xcassets */ = {isa = PBXFileReference; lastKnownFileType = folder.assetcatalog; path = Assets.xcassets; sourceTree = "<group>"; };
		BED6616C253FC5A1000F12A2 /* Base */ = {isa = PBXFileReference; lastKnownFileType = file.storyboard; name = Base; path = Base.lproj/LaunchScreen.storyboard; sourceTree = "<group>"; };
		BED6616E253FC5A1000F12A2 /* Info.plist */ = {isa = PBXFileReference; lastKnownFileType = text.plist.xml; path = Info.plist; sourceTree = "<group>"; };
		BED66173253FC5A2000F12A2 /* FlixterTests.xctest */ = {isa = PBXFileReference; explicitFileType = wrapper.cfbundle; includeInIndex = 0; path = FlixterTests.xctest; sourceTree = BUILT_PRODUCTS_DIR; };
		BED66177253FC5A2000F12A2 /* FlixterTests.swift */ = {isa = PBXFileReference; lastKnownFileType = sourcecode.swift; path = FlixterTests.swift; sourceTree = "<group>"; };
		BED66179253FC5A2000F12A2 /* Info.plist */ = {isa = PBXFileReference; lastKnownFileType = text.plist.xml; path = Info.plist; sourceTree = "<group>"; };
		BED6617E253FC5A2000F12A2 /* FlixterUITests.xctest */ = {isa = PBXFileReference; explicitFileType = wrapper.cfbundle; includeInIndex = 0; path = FlixterUITests.xctest; sourceTree = BUILT_PRODUCTS_DIR; };
		BED66182253FC5A2000F12A2 /* FlixterUITests.swift */ = {isa = PBXFileReference; lastKnownFileType = sourcecode.swift; path = FlixterUITests.swift; sourceTree = "<group>"; };
		BED66184253FC5A2000F12A2 /* Info.plist */ = {isa = PBXFileReference; lastKnownFileType = text.plist.xml; path = Info.plist; sourceTree = "<group>"; };
		BED6619F253FC895000F12A2 /* MoviesViewController.swift */ = {isa = PBXFileReference; lastKnownFileType = sourcecode.swift; path = MoviesViewController.swift; sourceTree = "<group>"; };
		BED661A4253FF65D000F12A2 /* MovieCell.swift */ = {isa = PBXFileReference; lastKnownFileType = sourcecode.swift; path = MovieCell.swift; sourceTree = "<group>"; };
		D7CBB10DE7DDB2665F925316 /* Pods_Flixter.framework */ = {isa = PBXFileReference; explicitFileType = wrapper.framework; includeInIndex = 0; path = Pods_Flixter.framework; sourceTree = BUILT_PRODUCTS_DIR; };
		D87C24C93922B6B00100970C /* Pods-Flixter-FlixterUITests.debug.xcconfig */ = {isa = PBXFileReference; includeInIndex = 1; lastKnownFileType = text.xcconfig; name = "Pods-Flixter-FlixterUITests.debug.xcconfig"; path = "Target Support Files/Pods-Flixter-FlixterUITests/Pods-Flixter-FlixterUITests.debug.xcconfig"; sourceTree = "<group>"; };
		F53AC721EF20F58F0F1CB480 /* Pods_Flixter_FlixterUITests.framework */ = {isa = PBXFileReference; explicitFileType = wrapper.framework; includeInIndex = 0; path = Pods_Flixter_FlixterUITests.framework; sourceTree = BUILT_PRODUCTS_DIR; };
/* End PBXFileReference section */

/* Begin PBXFrameworksBuildPhase section */
		BED6615A253FC59D000F12A2 /* Frameworks */ = {
			isa = PBXFrameworksBuildPhase;
			buildActionMask = 2147483647;
			files = (
				4D1FB090D2F2F9A28F3EB13B /* Pods_Flixter.framework in Frameworks */,
			);
			runOnlyForDeploymentPostprocessing = 0;
		};
		BED66170253FC5A2000F12A2 /* Frameworks */ = {
			isa = PBXFrameworksBuildPhase;
			buildActionMask = 2147483647;
			files = (
				A9915FC5EE0AE200F5413CA1 /* Pods_FlixterTests.framework in Frameworks */,
			);
			runOnlyForDeploymentPostprocessing = 0;
		};
		BED6617B253FC5A2000F12A2 /* Frameworks */ = {
			isa = PBXFrameworksBuildPhase;
			buildActionMask = 2147483647;
			files = (
				6FBFEC6A56E0FD9E3B797236 /* Pods_Flixter_FlixterUITests.framework in Frameworks */,
			);
			runOnlyForDeploymentPostprocessing = 0;
		};
/* End PBXFrameworksBuildPhase section */

/* Begin PBXGroup section */
		4D2FCFCCE06463DE1761BFC0 /* Pods */ = {
			isa = PBXGroup;
			children = (
				97EAD02534177D8C62C96962 /* Pods-Flixter.debug.xcconfig */,
				A6C6A5A2FCD8CBE2B6D4EC5F /* Pods-Flixter.release.xcconfig */,
				D87C24C93922B6B00100970C /* Pods-Flixter-FlixterUITests.debug.xcconfig */,
				A99A1A82F98391CF6E076695 /* Pods-Flixter-FlixterUITests.release.xcconfig */,
				59FAD3878571CB891EE65FCD /* Pods-FlixterTests.debug.xcconfig */,
				6D630CEF5FDC4627999577C7 /* Pods-FlixterTests.release.xcconfig */,
			);
			name = Pods;
			path = Pods;
			sourceTree = "<group>";
		};
		8192FB448F40F46A32B205DC /* Frameworks */ = {
			isa = PBXGroup;
			children = (
				D7CBB10DE7DDB2665F925316 /* Pods_Flixter.framework */,
				F53AC721EF20F58F0F1CB480 /* Pods_Flixter_FlixterUITests.framework */,
				5598D4D9327197259DAFED4B /* Pods_FlixterTests.framework */,
			);
			name = Frameworks;
			sourceTree = "<group>";
		};
		BED66154253FC59D000F12A2 = {
			isa = PBXGroup;
			children = (
				BED6615F253FC59D000F12A2 /* Flixter */,
				BED66176253FC5A2000F12A2 /* FlixterTests */,
				BED66181253FC5A2000F12A2 /* FlixterUITests */,
				BED6615E253FC59D000F12A2 /* Products */,
				4D2FCFCCE06463DE1761BFC0 /* Pods */,
				8192FB448F40F46A32B205DC /* Frameworks */,
			);
			sourceTree = "<group>";
		};
		BED6615E253FC59D000F12A2 /* Products */ = {
			isa = PBXGroup;
			children = (
				BED6615D253FC59D000F12A2 /* Flixter.app */,
				BED66173253FC5A2000F12A2 /* FlixterTests.xctest */,
				BED6617E253FC5A2000F12A2 /* FlixterUITests.xctest */,
			);
			name = Products;
			sourceTree = "<group>";
		};
		BED6615F253FC59D000F12A2 /* Flixter */ = {
			isa = PBXGroup;
			children = (
				BED66160253FC59D000F12A2 /* AppDelegate.swift */,
				BED66162253FC59D000F12A2 /* SceneDelegate.swift */,
				BED66166253FC59D000F12A2 /* Main.storyboard */,
				BED661A4253FF65D000F12A2 /* MovieCell.swift */,
				BED6619F253FC895000F12A2 /* MoviesViewController.swift */,
				BED66169253FC5A1000F12A2 /* Assets.xcassets */,
				BED6616B253FC5A1000F12A2 /* LaunchScreen.storyboard */,
				BED6616E253FC5A1000F12A2 /* Info.plist */,
			);
			path = Flixter;
			sourceTree = "<group>";
		};
		BED66176253FC5A2000F12A2 /* FlixterTests */ = {
			isa = PBXGroup;
			children = (
				BED66177253FC5A2000F12A2 /* FlixterTests.swift */,
				BED66179253FC5A2000F12A2 /* Info.plist */,
			);
			path = FlixterTests;
			sourceTree = "<group>";
		};
		BED66181253FC5A2000F12A2 /* FlixterUITests */ = {
			isa = PBXGroup;
			children = (
				BED66182253FC5A2000F12A2 /* FlixterUITests.swift */,
				BED66184253FC5A2000F12A2 /* Info.plist */,
			);
			path = FlixterUITests;
			sourceTree = "<group>";
		};
/* End PBXGroup section */

/* Begin PBXNativeTarget section */
		BED6615C253FC59D000F12A2 /* Flixter */ = {
			isa = PBXNativeTarget;
			buildConfigurationList = BED66187253FC5A2000F12A2 /* Build configuration list for PBXNativeTarget "Flixter" */;
			buildPhases = (
				BECCCAF583391FFE0CE32DF9 /* [CP] Check Pods Manifest.lock */,
				BED66159253FC59D000F12A2 /* Sources */,
				BED6615A253FC59D000F12A2 /* Frameworks */,
				BED6615B253FC59D000F12A2 /* Resources */,
				B4202977EF939F44898C994D /* [CP] Embed Pods Frameworks */,
			);
			buildRules = (
			);
			dependencies = (
			);
			name = Flixter;
			productName = Flixter;
			productReference = BED6615D253FC59D000F12A2 /* Flixter.app */;
			productType = "com.apple.product-type.application";
		};
		BED66172253FC5A2000F12A2 /* FlixterTests */ = {
			isa = PBXNativeTarget;
			buildConfigurationList = BED6618A253FC5A2000F12A2 /* Build configuration list for PBXNativeTarget "FlixterTests" */;
			buildPhases = (
				11E40EDF2E014AAE1F80E38A /* [CP] Check Pods Manifest.lock */,
				BED6616F253FC5A2000F12A2 /* Sources */,
				BED66170253FC5A2000F12A2 /* Frameworks */,
				BED66171253FC5A2000F12A2 /* Resources */,
			);
			buildRules = (
			);
			dependencies = (
				BED66175253FC5A2000F12A2 /* PBXTargetDependency */,
			);
			name = FlixterTests;
			productName = FlixterTests;
			productReference = BED66173253FC5A2000F12A2 /* FlixterTests.xctest */;
			productType = "com.apple.product-type.bundle.unit-test";
		};
		BED6617D253FC5A2000F12A2 /* FlixterUITests */ = {
			isa = PBXNativeTarget;
			buildConfigurationList = BED6618D253FC5A2000F12A2 /* Build configuration list for PBXNativeTarget "FlixterUITests" */;
			buildPhases = (
				0DC73B55DC3CE9F1653A8295 /* [CP] Check Pods Manifest.lock */,
				BED6617A253FC5A2000F12A2 /* Sources */,
				BED6617B253FC5A2000F12A2 /* Frameworks */,
				BED6617C253FC5A2000F12A2 /* Resources */,
				6BAA64BCF292744B43BC0EBF /* [CP] Embed Pods Frameworks */,
			);
			buildRules = (
			);
			dependencies = (
				BED66180253FC5A2000F12A2 /* PBXTargetDependency */,
			);
			name = FlixterUITests;
			productName = FlixterUITests;
			productReference = BED6617E253FC5A2000F12A2 /* FlixterUITests.xctest */;
			productType = "com.apple.product-type.bundle.ui-testing";
		};
/* End PBXNativeTarget section */

/* Begin PBXProject section */
		BED66155253FC59D000F12A2 /* Project object */ = {
			isa = PBXProject;
			attributes = {
				LastSwiftUpdateCheck = 1200;
				LastUpgradeCheck = 1200;
				TargetAttributes = {
					BED6615C253FC59D000F12A2 = {
						CreatedOnToolsVersion = 12.0.1;
					};
					BED66172253FC5A2000F12A2 = {
						CreatedOnToolsVersion = 12.0.1;
						TestTargetID = BED6615C253FC59D000F12A2;
					};
					BED6617D253FC5A2000F12A2 = {
						CreatedOnToolsVersion = 12.0.1;
						TestTargetID = BED6615C253FC59D000F12A2;
					};
				};
			};
			buildConfigurationList = BED66158253FC59D000F12A2 /* Build configuration list for PBXProject "Flixter" */;
			compatibilityVersion = "Xcode 9.3";
			developmentRegion = en;
			hasScannedForEncodings = 0;
			knownRegions = (
				en,
				Base,
			);
			mainGroup = BED66154253FC59D000F12A2;
			productRefGroup = BED6615E253FC59D000F12A2 /* Products */;
			projectDirPath = "";
			projectRoot = "";
			targets = (
				BED6615C253FC59D000F12A2 /* Flixter */,
				BED66172253FC5A2000F12A2 /* FlixterTests */,
				BED6617D253FC5A2000F12A2 /* FlixterUITests */,
			);
		};
/* End PBXProject section */

/* Begin PBXResourcesBuildPhase section */
		BED6615B253FC59D000F12A2 /* Resources */ = {
			isa = PBXResourcesBuildPhase;
			buildActionMask = 2147483647;
			files = (
				BED6616D253FC5A1000F12A2 /* LaunchScreen.storyboard in Resources */,
				BED6616A253FC5A1000F12A2 /* Assets.xcassets in Resources */,
				BED66168253FC59D000F12A2 /* Main.storyboard in Resources */,
			);
			runOnlyForDeploymentPostprocessing = 0;
		};
		BED66171253FC5A2000F12A2 /* Resources */ = {
			isa = PBXResourcesBuildPhase;
			buildActionMask = 2147483647;
			files = (
			);
			runOnlyForDeploymentPostprocessing = 0;
		};
		BED6617C253FC5A2000F12A2 /* Resources */ = {
			isa = PBXResourcesBuildPhase;
			buildActionMask = 2147483647;
			files = (
			);
			runOnlyForDeploymentPostprocessing = 0;
		};
/* End PBXResourcesBuildPhase section */

/* Begin PBXShellScriptBuildPhase section */
		0DC73B55DC3CE9F1653A8295 /* [CP] Check Pods Manifest.lock */ = {
			isa = PBXShellScriptBuildPhase;
			buildActionMask = 2147483647;
			files = (
			);
			inputFileListPaths = (
			);
			inputPaths = (
				"${PODS_PODFILE_DIR_PATH}/Podfile.lock",
				"${PODS_ROOT}/Manifest.lock",
			);
			name = "[CP] Check Pods Manifest.lock";
			outputFileListPaths = (
			);
			outputPaths = (
				"$(DERIVED_FILE_DIR)/Pods-Flixter-FlixterUITests-checkManifestLockResult.txt",
			);
			runOnlyForDeploymentPostprocessing = 0;
			shellPath = /bin/sh;
			shellScript = "diff \"${PODS_PODFILE_DIR_PATH}/Podfile.lock\" \"${PODS_ROOT}/Manifest.lock\" > /dev/null\nif [ $? != 0 ] ; then\n    # print error to STDERR\n    echo \"error: The sandbox is not in sync with the Podfile.lock. Run 'pod install' or update your CocoaPods installation.\" >&2\n    exit 1\nfi\n# This output is used by Xcode 'outputs' to avoid re-running this script phase.\necho \"SUCCESS\" > \"${SCRIPT_OUTPUT_FILE_0}\"\n";
			showEnvVarsInLog = 0;
		};
		11E40EDF2E014AAE1F80E38A /* [CP] Check Pods Manifest.lock */ = {
			isa = PBXShellScriptBuildPhase;
			buildActionMask = 2147483647;
			files = (
			);
			inputFileListPaths = (
			);
			inputPaths = (
				"${PODS_PODFILE_DIR_PATH}/Podfile.lock",
				"${PODS_ROOT}/Manifest.lock",
			);
			name = "[CP] Check Pods Manifest.lock";
			outputFileListPaths = (
			);
			outputPaths = (
				"$(DERIVED_FILE_DIR)/Pods-FlixterTests-checkManifestLockResult.txt",
			);
			runOnlyForDeploymentPostprocessing = 0;
			shellPath = /bin/sh;
			shellScript = "diff \"${PODS_PODFILE_DIR_PATH}/Podfile.lock\" \"${PODS_ROOT}/Manifest.lock\" > /dev/null\nif [ $? != 0 ] ; then\n    # print error to STDERR\n    echo \"error: The sandbox is not in sync with the Podfile.lock. Run 'pod install' or update your CocoaPods installation.\" >&2\n    exit 1\nfi\n# This output is used by Xcode 'outputs' to avoid re-running this script phase.\necho \"SUCCESS\" > \"${SCRIPT_OUTPUT_FILE_0}\"\n";
			showEnvVarsInLog = 0;
		};
		6BAA64BCF292744B43BC0EBF /* [CP] Embed Pods Frameworks */ = {
			isa = PBXShellScriptBuildPhase;
			buildActionMask = 2147483647;
			files = (
			);
			inputFileListPaths = (
				"${PODS_ROOT}/Target Support Files/Pods-Flixter-FlixterUITests/Pods-Flixter-FlixterUITests-frameworks-${CONFIGURATION}-input-files.xcfilelist",
			);
			name = "[CP] Embed Pods Frameworks";
			outputFileListPaths = (
				"${PODS_ROOT}/Target Support Files/Pods-Flixter-FlixterUITests/Pods-Flixter-FlixterUITests-frameworks-${CONFIGURATION}-output-files.xcfilelist",
			);
			runOnlyForDeploymentPostprocessing = 0;
			shellPath = /bin/sh;
			shellScript = "\"${PODS_ROOT}/Target Support Files/Pods-Flixter-FlixterUITests/Pods-Flixter-FlixterUITests-frameworks.sh\"\n";
			showEnvVarsInLog = 0;
		};
		B4202977EF939F44898C994D /* [CP] Embed Pods Frameworks */ = {
			isa = PBXShellScriptBuildPhase;
			buildActionMask = 2147483647;
			files = (
			);
			inputFileListPaths = (
				"${PODS_ROOT}/Target Support Files/Pods-Flixter/Pods-Flixter-frameworks-${CONFIGURATION}-input-files.xcfilelist",
			);
			name = "[CP] Embed Pods Frameworks";
			outputFileListPaths = (
				"${PODS_ROOT}/Target Support Files/Pods-Flixter/Pods-Flixter-frameworks-${CONFIGURATION}-output-files.xcfilelist",
			);
			runOnlyForDeploymentPostprocessing = 0;
			shellPath = /bin/sh;
			shellScript = "\"${PODS_ROOT}/Target Support Files/Pods-Flixter/Pods-Flixter-frameworks.sh\"\n";
			showEnvVarsInLog = 0;
		};
		BECCCAF583391FFE0CE32DF9 /* [CP] Check Pods Manifest.lock */ = {
			isa = PBXShellScriptBuildPhase;
			buildActionMask = 2147483647;
			files = (
			);
			inputFileListPaths = (
			);
			inputPaths = (
				"${PODS_PODFILE_DIR_PATH}/Podfile.lock",
				"${PODS_ROOT}/Manifest.lock",
			);
			name = "[CP] Check Pods Manifest.lock";
			outputFileListPaths = (
			);
			outputPaths = (
				"$(DERIVED_FILE_DIR)/Pods-Flixter-checkManifestLockResult.txt",
			);
			runOnlyForDeploymentPostprocessing = 0;
			shellPath = /bin/sh;
			shellScript = "diff \"${PODS_PODFILE_DIR_PATH}/Podfile.lock\" \"${PODS_ROOT}/Manifest.lock\" > /dev/null\nif [ $? != 0 ] ; then\n    # print error to STDERR\n    echo \"error: The sandbox is not in sync with the Podfile.lock. Run 'pod install' or update your CocoaPods installation.\" >&2\n    exit 1\nfi\n# This output is used by Xcode 'outputs' to avoid re-running this script phase.\necho \"SUCCESS\" > \"${SCRIPT_OUTPUT_FILE_0}\"\n";
			showEnvVarsInLog = 0;
		};
/* End PBXShellScriptBuildPhase section */

/* Begin PBXSourcesBuildPhase section */
		BED66159253FC59D000F12A2 /* Sources */ = {
			isa = PBXSourcesBuildPhase;
			buildActionMask = 2147483647;
			files = (
				BED66161253FC59D000F12A2 /* AppDelegate.swift in Sources */,
				BED66163253FC59D000F12A2 /* SceneDelegate.swift in Sources */,
				BED661A5253FF65D000F12A2 /* MovieCell.swift in Sources */,
				BED661A0253FC895000F12A2 /* MoviesViewController.swift in Sources */,
			);
			runOnlyForDeploymentPostprocessing = 0;
		};
		BED6616F253FC5A2000F12A2 /* Sources */ = {
			isa = PBXSourcesBuildPhase;
			buildActionMask = 2147483647;
			files = (
				BED66178253FC5A2000F12A2 /* FlixterTests.swift in Sources */,
			);
			runOnlyForDeploymentPostprocessing = 0;
		};
		BED6617A253FC5A2000F12A2 /* Sources */ = {
			isa = PBXSourcesBuildPhase;
			buildActionMask = 2147483647;
			files = (
				BED66183253FC5A2000F12A2 /* FlixterUITests.swift in Sources */,
			);
			runOnlyForDeploymentPostprocessing = 0;
		};
/* End PBXSourcesBuildPhase section */

/* Begin PBXTargetDependency section */
		BED66175253FC5A2000F12A2 /* PBXTargetDependency */ = {
			isa = PBXTargetDependency;
			target = BED6615C253FC59D000F12A2 /* Flixter */;
			targetProxy = BED66174253FC5A2000F12A2 /* PBXContainerItemProxy */;
		};
		BED66180253FC5A2000F12A2 /* PBXTargetDependency */ = {
			isa = PBXTargetDependency;
			target = BED6615C253FC59D000F12A2 /* Flixter */;
			targetProxy = BED6617F253FC5A2000F12A2 /* PBXContainerItemProxy */;
		};
/* End PBXTargetDependency section */

/* Begin PBXVariantGroup section */
		BED66166253FC59D000F12A2 /* Main.storyboard */ = {
			isa = PBXVariantGroup;
			children = (
				BED66167253FC59D000F12A2 /* Base */,
			);
			name = Main.storyboard;
			sourceTree = "<group>";
		};
		BED6616B253FC5A1000F12A2 /* LaunchScreen.storyboard */ = {
			isa = PBXVariantGroup;
			children = (
				BED6616C253FC5A1000F12A2 /* Base */,
			);
			name = LaunchScreen.storyboard;
			sourceTree = "<group>";
		};
/* End PBXVariantGroup section */

/* Begin XCBuildConfiguration section */
		BED66185253FC5A2000F12A2 /* Debug */ = {
			isa = XCBuildConfiguration;
			buildSettings = {
				ALWAYS_SEARCH_USER_PATHS = NO;
				CLANG_ANALYZER_NONNULL = YES;
				CLANG_ANALYZER_NUMBER_OBJECT_CONVERSION = YES_AGGRESSIVE;
				CLANG_CXX_LANGUAGE_STANDARD = "gnu++14";
				CLANG_CXX_LIBRARY = "libc++";
				CLANG_ENABLE_MODULES = YES;
				CLANG_ENABLE_OBJC_ARC = YES;
				CLANG_ENABLE_OBJC_WEAK = YES;
				CLANG_WARN_BLOCK_CAPTURE_AUTORELEASING = YES;
				CLANG_WARN_BOOL_CONVERSION = YES;
				CLANG_WARN_COMMA = YES;
				CLANG_WARN_CONSTANT_CONVERSION = YES;
				CLANG_WARN_DEPRECATED_OBJC_IMPLEMENTATIONS = YES;
				CLANG_WARN_DIRECT_OBJC_ISA_USAGE = YES_ERROR;
				CLANG_WARN_DOCUMENTATION_COMMENTS = YES;
				CLANG_WARN_EMPTY_BODY = YES;
				CLANG_WARN_ENUM_CONVERSION = YES;
				CLANG_WARN_INFINITE_RECURSION = YES;
				CLANG_WARN_INT_CONVERSION = YES;
				CLANG_WARN_NON_LITERAL_NULL_CONVERSION = YES;
				CLANG_WARN_OBJC_IMPLICIT_RETAIN_SELF = YES;
				CLANG_WARN_OBJC_LITERAL_CONVERSION = YES;
				CLANG_WARN_OBJC_ROOT_CLASS = YES_ERROR;
				CLANG_WARN_QUOTED_INCLUDE_IN_FRAMEWORK_HEADER = YES;
				CLANG_WARN_RANGE_LOOP_ANALYSIS = YES;
				CLANG_WARN_STRICT_PROTOTYPES = YES;
				CLANG_WARN_SUSPICIOUS_MOVE = YES;
				CLANG_WARN_UNGUARDED_AVAILABILITY = YES_AGGRESSIVE;
				CLANG_WARN_UNREACHABLE_CODE = YES;
				CLANG_WARN__DUPLICATE_METHOD_MATCH = YES;
				COPY_PHASE_STRIP = NO;
				DEBUG_INFORMATION_FORMAT = dwarf;
				ENABLE_STRICT_OBJC_MSGSEND = YES;
				ENABLE_TESTABILITY = YES;
				GCC_C_LANGUAGE_STANDARD = gnu11;
				GCC_DYNAMIC_NO_PIC = NO;
				GCC_NO_COMMON_BLOCKS = YES;
				GCC_OPTIMIZATION_LEVEL = 0;
				GCC_PREPROCESSOR_DEFINITIONS = (
					"DEBUG=1",
					"$(inherited)",
				);
				GCC_WARN_64_TO_32_BIT_CONVERSION = YES;
				GCC_WARN_ABOUT_RETURN_TYPE = YES_ERROR;
				GCC_WARN_UNDECLARED_SELECTOR = YES;
				GCC_WARN_UNINITIALIZED_AUTOS = YES_AGGRESSIVE;
				GCC_WARN_UNUSED_FUNCTION = YES;
				GCC_WARN_UNUSED_VARIABLE = YES;
				IPHONEOS_DEPLOYMENT_TARGET = 14.0;
				MTL_ENABLE_DEBUG_INFO = INCLUDE_SOURCE;
				MTL_FAST_MATH = YES;
				ONLY_ACTIVE_ARCH = YES;
				SDKROOT = iphoneos;
				SWIFT_ACTIVE_COMPILATION_CONDITIONS = DEBUG;
				SWIFT_OPTIMIZATION_LEVEL = "-Onone";
			};
			name = Debug;
		};
		BED66186253FC5A2000F12A2 /* Release */ = {
			isa = XCBuildConfiguration;
			buildSettings = {
				ALWAYS_SEARCH_USER_PATHS = NO;
				CLANG_ANALYZER_NONNULL = YES;
				CLANG_ANALYZER_NUMBER_OBJECT_CONVERSION = YES_AGGRESSIVE;
				CLANG_CXX_LANGUAGE_STANDARD = "gnu++14";
				CLANG_CXX_LIBRARY = "libc++";
				CLANG_ENABLE_MODULES = YES;
				CLANG_ENABLE_OBJC_ARC = YES;
				CLANG_ENABLE_OBJC_WEAK = YES;
				CLANG_WARN_BLOCK_CAPTURE_AUTORELEASING = YES;
				CLANG_WARN_BOOL_CONVERSION = YES;
				CLANG_WARN_COMMA = YES;
				CLANG_WARN_CONSTANT_CONVERSION = YES;
				CLANG_WARN_DEPRECATED_OBJC_IMPLEMENTATIONS = YES;
				CLANG_WARN_DIRECT_OBJC_ISA_USAGE = YES_ERROR;
				CLANG_WARN_DOCUMENTATION_COMMENTS = YES;
				CLANG_WARN_EMPTY_BODY = YES;
				CLANG_WARN_ENUM_CONVERSION = YES;
				CLANG_WARN_INFINITE_RECURSION = YES;
				CLANG_WARN_INT_CONVERSION = YES;
				CLANG_WARN_NON_LITERAL_NULL_CONVERSION = YES;
				CLANG_WARN_OBJC_IMPLICIT_RETAIN_SELF = YES;
				CLANG_WARN_OBJC_LITERAL_CONVERSION = YES;
				CLANG_WARN_OBJC_ROOT_CLASS = YES_ERROR;
				CLANG_WARN_QUOTED_INCLUDE_IN_FRAMEWORK_HEADER = YES;
				CLANG_WARN_RANGE_LOOP_ANALYSIS = YES;
				CLANG_WARN_STRICT_PROTOTYPES = YES;
				CLANG_WARN_SUSPICIOUS_MOVE = YES;
				CLANG_WARN_UNGUARDED_AVAILABILITY = YES_AGGRESSIVE;
				CLANG_WARN_UNREACHABLE_CODE = YES;
				CLANG_WARN__DUPLICATE_METHOD_MATCH = YES;
				COPY_PHASE_STRIP = NO;
				DEBUG_INFORMATION_FORMAT = "dwarf-with-dsym";
				ENABLE_NS_ASSERTIONS = NO;
				ENABLE_STRICT_OBJC_MSGSEND = YES;
				GCC_C_LANGUAGE_STANDARD = gnu11;
				GCC_NO_COMMON_BLOCKS = YES;
				GCC_WARN_64_TO_32_BIT_CONVERSION = YES;
				GCC_WARN_ABOUT_RETURN_TYPE = YES_ERROR;
				GCC_WARN_UNDECLARED_SELECTOR = YES;
				GCC_WARN_UNINITIALIZED_AUTOS = YES_AGGRESSIVE;
				GCC_WARN_UNUSED_FUNCTION = YES;
				GCC_WARN_UNUSED_VARIABLE = YES;
				IPHONEOS_DEPLOYMENT_TARGET = 14.0;
				MTL_ENABLE_DEBUG_INFO = NO;
				MTL_FAST_MATH = YES;
				SDKROOT = iphoneos;
				SWIFT_COMPILATION_MODE = wholemodule;
				SWIFT_OPTIMIZATION_LEVEL = "-O";
				VALIDATE_PRODUCT = YES;
			};
			name = Release;
		};
		BED66188253FC5A2000F12A2 /* Debug */ = {
			isa = XCBuildConfiguration;
			baseConfigurationReference = 97EAD02534177D8C62C96962 /* Pods-Flixter.debug.xcconfig */;
			buildSettings = {
				ASSETCATALOG_COMPILER_APPICON_NAME = AppIcon;
				ASSETCATALOG_COMPILER_GLOBAL_ACCENT_COLOR_NAME = AccentColor;
				CODE_SIGN_STYLE = Automatic;
				DEVELOPMENT_TEAM = 868Z8L7PXX;
				INFOPLIST_FILE = Flixter/Info.plist;
				LD_RUNPATH_SEARCH_PATHS = (
					"$(inherited)",
					"@executable_path/Frameworks",
				);
				PRODUCT_BUNDLE_IDENTIFIER = Flixter;
				PRODUCT_NAME = "$(TARGET_NAME)";
				SWIFT_VERSION = 5.0;
				TARGETED_DEVICE_FAMILY = "1,2";
			};
			name = Debug;
		};
		BED66189253FC5A2000F12A2 /* Release */ = {
			isa = XCBuildConfiguration;
			baseConfigurationReference = A6C6A5A2FCD8CBE2B6D4EC5F /* Pods-Flixter.release.xcconfig */;
			buildSettings = {
				ASSETCATALOG_COMPILER_APPICON_NAME = AppIcon;
				ASSETCATALOG_COMPILER_GLOBAL_ACCENT_COLOR_NAME = AccentColor;
				CODE_SIGN_STYLE = Automatic;
				DEVELOPMENT_TEAM = 868Z8L7PXX;
				INFOPLIST_FILE = Flixter/Info.plist;
				LD_RUNPATH_SEARCH_PATHS = (
					"$(inherited)",
					"@executable_path/Frameworks",
				);
				PRODUCT_BUNDLE_IDENTIFIER = Flixter;
				PRODUCT_NAME = "$(TARGET_NAME)";
				SWIFT_VERSION = 5.0;
				TARGETED_DEVICE_FAMILY = "1,2";
			};
			name = Release;
		};
		BED6618B253FC5A2000F12A2 /* Debug */ = {
			isa = XCBuildConfiguration;
			baseConfigurationReference = 59FAD3878571CB891EE65FCD /* Pods-FlixterTests.debug.xcconfig */;
			buildSettings = {
				ALWAYS_EMBED_SWIFT_STANDARD_LIBRARIES = YES;
				BUNDLE_LOADER = "$(TEST_HOST)";
				CODE_SIGN_STYLE = Automatic;
				INFOPLIST_FILE = FlixterTests/Info.plist;
				IPHONEOS_DEPLOYMENT_TARGET = 14.0;
				LD_RUNPATH_SEARCH_PATHS = (
					"$(inherited)",
					"@executable_path/Frameworks",
					"@loader_path/Frameworks",
				);
				PRODUCT_BUNDLE_IDENTIFIER = Codepath.FlixterTests;
				PRODUCT_NAME = "$(TARGET_NAME)";
				SWIFT_VERSION = 5.0;
				TARGETED_DEVICE_FAMILY = "1,2";
				TEST_HOST = "$(BUILT_PRODUCTS_DIR)/Flixter.app/Flixter";
			};
			name = Debug;
		};
		BED6618C253FC5A2000F12A2 /* Release */ = {
			isa = XCBuildConfiguration;
			baseConfigurationReference = 6D630CEF5FDC4627999577C7 /* Pods-FlixterTests.release.xcconfig */;
			buildSettings = {
				ALWAYS_EMBED_SWIFT_STANDARD_LIBRARIES = YES;
				BUNDLE_LOADER = "$(TEST_HOST)";
				CODE_SIGN_STYLE = Automatic;
				INFOPLIST_FILE = FlixterTests/Info.plist;
				IPHONEOS_DEPLOYMENT_TARGET = 14.0;
				LD_RUNPATH_SEARCH_PATHS = (
					"$(inherited)",
					"@executable_path/Frameworks",
					"@loader_path/Frameworks",
				);
				PRODUCT_BUNDLE_IDENTIFIER = Codepath.FlixterTests;
				PRODUCT_NAME = "$(TARGET_NAME)";
				SWIFT_VERSION = 5.0;
				TARGETED_DEVICE_FAMILY = "1,2";
				TEST_HOST = "$(BUILT_PRODUCTS_DIR)/Flixter.app/Flixter";
			};
			name = Release;
		};
		BED6618E253FC5A2000F12A2 /* Debug */ = {
			isa = XCBuildConfiguration;
			baseConfigurationReference = D87C24C93922B6B00100970C /* Pods-Flixter-FlixterUITests.debug.xcconfig */;
			buildSettings = {
				ALWAYS_EMBED_SWIFT_STANDARD_LIBRARIES = YES;
				CODE_SIGN_STYLE = Automatic;
				INFOPLIST_FILE = FlixterUITests/Info.plist;
				LD_RUNPATH_SEARCH_PATHS = (
					"$(inherited)",
					"@executable_path/Frameworks",
					"@loader_path/Frameworks",
				);
				PRODUCT_BUNDLE_IDENTIFIER = Codepath.FlixterUITests;
				PRODUCT_NAME = "$(TARGET_NAME)";
				SWIFT_VERSION = 5.0;
				TARGETED_DEVICE_FAMILY = "1,2";
				TEST_TARGET_NAME = Flixter;
			};
			name = Debug;
		};
		BED6618F253FC5A2000F12A2 /* Release */ = {
			isa = XCBuildConfiguration;
			baseConfigurationReference = A99A1A82F98391CF6E076695 /* Pods-Flixter-FlixterUITests.release.xcconfig */;
			buildSettings = {
				ALWAYS_EMBED_SWIFT_STANDARD_LIBRARIES = YES;
				CODE_SIGN_STYLE = Automatic;
				INFOPLIST_FILE = FlixterUITests/Info.plist;
				LD_RUNPATH_SEARCH_PATHS = (
					"$(inherited)",
					"@executable_path/Frameworks",
					"@loader_path/Frameworks",
				);
				PRODUCT_BUNDLE_IDENTIFIER = Codepath.FlixterUITests;
				PRODUCT_NAME = "$(TARGET_NAME)";
				SWIFT_VERSION = 5.0;
				TARGETED_DEVICE_FAMILY = "1,2";
				TEST_TARGET_NAME = Flixter;
			};
			name = Release;
		};
/* End XCBuildConfiguration section */

/* Begin XCConfigurationList section */
		BED66158253FC59D000F12A2 /* Build configuration list for PBXProject "Flixter" */ = {
			isa = XCConfigurationList;
			buildConfigurations = (
				BED66185253FC5A2000F12A2 /* Debug */,
				BED66186253FC5A2000F12A2 /* Release */,
			);
			defaultConfigurationIsVisible = 0;
			defaultConfigurationName = Release;
		};
		BED66187253FC5A2000F12A2 /* Build configuration list for PBXNativeTarget "Flixter" */ = {
			isa = XCConfigurationList;
			buildConfigurations = (
				BED66188253FC5A2000F12A2 /* Debug */,
				BED66189253FC5A2000F12A2 /* Release */,
			);
			defaultConfigurationIsVisible = 0;
			defaultConfigurationName = Release;
		};
		BED6618A253FC5A2000F12A2 /* Build configuration list for PBXNativeTarget "FlixterTests" */ = {
			isa = XCConfigurationList;
			buildConfigurations = (
				BED6618B253FC5A2000F12A2 /* Debug */,
				BED6618C253FC5A2000F12A2 /* Release */,
			);
			defaultConfigurationIsVisible = 0;
			defaultConfigurationName = Release;
		};
		BED6618D253FC5A2000F12A2 /* Build configuration list for PBXNativeTarget "FlixterUITests" */ = {
			isa = XCConfigurationList;
			buildConfigurations = (
				BED6618E253FC5A2000F12A2 /* Debug */,
				BED6618F253FC5A2000F12A2 /* Release */,
			);
			defaultConfigurationIsVisible = 0;
			defaultConfigurationName = Release;
		};
/* End XCConfigurationList section */
	};
	rootObject = BED66155253FC59D000F12A2 /* Project object */;
}
